
Microsoft Visual Studio Solution File, Format Version 12.00
# Visual Studio Version 17
VisualStudioVersion = 17.10.35013.160
MinimumVisualStudioVersion = 10.0.40219.1
Project("{FAE04EC0-301F-11D3-BF4B-00C04F79EFBC}") = "WebApplication1", "WebApplication1\WebApplication1.csproj", "{253ECA2E-6E91-4618-8F90-C0C06099198B}"
EndProject
Global
	GlobalSection(SolutionConfigurationPlatforms) = preSolution
		Debug|Any CPU = Debug|Any CPU
		Release|Any CPU = Release|Any CPU
	EndGlobalSection
	GlobalSection(ProjectConfigurationPlatforms) = postSolution
		{253ECA2E-6E91-4618-8F90-C0C06099198B}.Debug|Any CPU.ActiveCfg = Debug|Any CPU
		{253ECA2E-6E91-4618-8F90-C0C06099198B}.Debug|Any CPU.Build.0 = Debug|Any CPU
		{253ECA2E-6E91-4618-8F90-C0C06099198B}.Release|Any CPU.ActiveCfg = Release|Any CPU
		{253ECA2E-6E91-4618-8F90-C0C06099198B}.Release|Any CPU.Build.0 = Release|Any CPU
	EndGlobalSection
	GlobalSection(SolutionProperties) = preSolution
		HideSolutionNode = FALSE
	EndGlobalSection
	GlobalSection(ExtensibilityGlobals) = postSolution
		SolutionGuid = {4F7CA438-A352-449B-884A-037E86BC7C91}
	EndGlobalSection
EndGlobal
